// !$*UTF8*$!
{
	archiveVersion = 1;
	classes = {
	};
	objectVersion = 46;
	objects = {

/* Begin PBXBuildFile section */
		339D144619DABBB10029BC33 /* AppDelegate.swift in Sources */ = {isa = PBXBuildFile; fileRef = 339D144519DABBB10029BC33 /* AppDelegate.swift */; };
		339D144819DABBB10029BC33 /* ViewController.swift in Sources */ = {isa = PBXBuildFile; fileRef = 339D144719DABBB10029BC33 /* ViewController.swift */; };
		339D144B19DABBB10029BC33 /* Main.storyboard in Resources */ = {isa = PBXBuildFile; fileRef = 339D144919DABBB10029BC33 /* Main.storyboard */; };
		339D144D19DABBB10029BC33 /* Images.xcassets in Resources */ = {isa = PBXBuildFile; fileRef = 339D144C19DABBB10029BC33 /* Images.xcassets */; };
		339D145019DABBB10029BC33 /* LaunchScreen.xib in Resources */ = {isa = PBXBuildFile; fileRef = 339D144E19DABBB10029BC33 /* LaunchScreen.xib */; };
		339D145C19DABBB10029BC33 /* GGSwiftTestTests.swift in Sources */ = {isa = PBXBuildFile; fileRef = 339D145B19DABBB10029BC33 /* GGSwiftTestTests.swift */; };
/* End PBXBuildFile section */

/* Begin PBXContainerItemProxy section */
		339D145619DABBB10029BC33 /* PBXContainerItemProxy */ = {
			isa = PBXContainerItemProxy;
			containerPortal = 339D143819DABBB10029BC33 /* Project object */;
			proxyType = 1;
			remoteGlobalIDString = 339D143F19DABBB10029BC33;
			remoteInfo = GGSwiftTest;
		};
/* End PBXContainerItemProxy section */

/* Begin PBXFileReference section */
		339D144019DABBB10029BC33 /* GGSwiftTest.app */ = {isa = PBXFileReference; explicitFileType = wrapper.application; includeInIndex = 0; path = GGSwiftTest.app; sourceTree = BUILT_PRODUCTS_DIR; };
		339D144419DABBB10029BC33 /* Info.plist */ = {isa = PBXFileReference; lastKnownFileType = text.plist.xml; path = Info.plist; sourceTree = "<group>"; };
		339D144519DABBB10029BC33 /* AppDelegate.swift */ = {isa = PBXFileReference; lastKnownFileType = sourcecode.swift; path = AppDelegate.swift; sourceTree = "<group>"; };
		339D144719DABBB10029BC33 /* ViewController.swift */ = {isa = PBXFileReference; lastKnownFileType = sourcecode.swift; path = ViewController.swift; sourceTree = "<group>"; };
		339D144A19DABBB10029BC33 /* Base */ = {isa = PBXFileReference; lastKnownFileType = file.storyboard; name = Base; path = Base.lproj/Main.storyboard; sourceTree = "<group>"; };
		339D144C19DABBB10029BC33 /* Images.xcassets */ = {isa = PBXFileReference; lastKnownFileType = folder.assetcatalog; path = Images.xcassets; sourceTree = "<group>"; };
		339D144F19DABBB10029BC33 /* Base */ = {isa = PBXFileReference; lastKnownFileType = file.xib; name = Base; path = Base.lproj/LaunchScreen.xib; sourceTree = "<group>"; };
		339D145519DABBB10029BC33 /* GGSwiftTestTests.xctest */ = {isa = PBXFileReference; explicitFileType = wrapper.cfbundle; includeInIndex = 0; path = GGSwiftTestTests.xctest; sourceTree = BUILT_PRODUCTS_DIR; };
		339D145A19DABBB10029BC33 /* Info.plist */ = {isa = PBXFileReference; lastKnownFileType = text.plist.xml; path = Info.plist; sourceTree = "<group>"; };
		339D145B19DABBB10029BC33 /* GGSwiftTestTests.swift */ = {isa = PBXFileReference; lastKnownFileType = sourcecode.swift; path = GGSwiftTestTests.swift; sourceTree = "<group>"; };
/* End PBXFileReference section */

/* Begin PBXFrameworksBuildPhase section */
		339D143D19DABBB10029BC33 /* Frameworks */ = {
			isa = PBXFrameworksBuildPhase;
			buildActionMask = 2147483647;
			files = (
			);
			runOnlyForDeploymentPostprocessing = 0;
		};
		339D145219DABBB10029BC33 /* Frameworks */ = {
			isa = PBXFrameworksBuildPhase;
			buildActionMask = 2147483647;
			files = (
			);
			runOnlyForDeploymentPostprocessing = 0;
		};
/* End PBXFrameworksBuildPhase section */

/* Begin PBXGroup section */
		339D143719DABBB10029BC33 = {
			isa = PBXGroup;
			children = (
				339D144219DABBB10029BC33 /* GGSwiftTest */,
				339D145819DABBB10029BC33 /* GGSwiftTestTests */,
				339D144119DABBB10029BC33 /* Products */,
			);
			sourceTree = "<group>";
		};
		339D144119DABBB10029BC33 /* Products */ = {
			isa = PBXGroup;
			children = (
				339D144019DABBB10029BC33 /* GGSwiftTest.app */,
				339D145519DABBB10029BC33 /* GGSwiftTestTests.xctest */,
			);
			name = Products;
			sourceTree = "<group>";
		};
		339D144219DABBB10029BC33 /* GGSwiftTest */ = {
			isa = PBXGroup;
			children = (
				339D144519DABBB10029BC33 /* AppDelegate.swift */,
				339D144719DABBB10029BC33 /* ViewController.swift */,
				339D144919DABBB10029BC33 /* Main.storyboard */,
				339D144C19DABBB10029BC33 /* Images.xcassets */,
				339D144E19DABBB10029BC33 /* LaunchScreen.xib */,
				339D144319DABBB10029BC33 /* Supporting Files */,
			);
			path = GGSwiftTest;
			sourceTree = "<group>";
		};
		339D144319DABBB10029BC33 /* Supporting Files */ = {
			isa = PBXGroup;
			children = (
				339D144419DABBB10029BC33 /* Info.plist */,
			);
			name = "Supporting Files";
			sourceTree = "<group>";
		};
		339D145819DABBB10029BC33 /* GGSwiftTestTests */ = {
			isa = PBXGroup;
			children = (
				339D145B19DABBB10029BC33 /* GGSwiftTestTests.swift */,
				339D145919DABBB10029BC33 /* Supporting Files */,
			);
			path = GGSwiftTestTests;
			sourceTree = "<group>";
		};
		339D145919DABBB10029BC33 /* Supporting Files */ = {
			isa = PBXGroup;
			children = (
				339D145A19DABBB10029BC33 /* Info.plist */,
			);
			name = "Supporting Files";
			sourceTree = "<group>";
		};
/* End PBXGroup section */

/* Begin PBXNativeTarget section */
		339D143F19DABBB10029BC33 /* GGSwiftTest */ = {
			isa = PBXNativeTarget;
			buildConfigurationList = 339D145F19DABBB10029BC33 /* Build configuration list for PBXNativeTarget "GGSwiftTest" */;
			buildPhases = (
				339D143C19DABBB10029BC33 /* Sources */,
				339D143D19DABBB10029BC33 /* Frameworks */,
				339D143E19DABBB10029BC33 /* Resources */,
			);
			buildRules = (
			);
			dependencies = (
			);
			name = GGSwiftTest;
			productName = GGSwiftTest;
			productReference = 339D144019DABBB10029BC33 /* GGSwiftTest.app */;
			productType = "com.apple.product-type.application";
		};
		339D145419DABBB10029BC33 /* GGSwiftTestTests */ = {
			isa = PBXNativeTarget;
			buildConfigurationList = 339D146219DABBB10029BC33 /* Build configuration list for PBXNativeTarget "GGSwiftTestTests" */;
			buildPhases = (
				339D145119DABBB10029BC33 /* Sources */,
				339D145219DABBB10029BC33 /* Frameworks */,
				339D145319DABBB10029BC33 /* Resources */,
			);
			buildRules = (
			);
			dependencies = (
				339D145719DABBB10029BC33 /* PBXTargetDependency */,
			);
			name = GGSwiftTestTests;
			productName = GGSwiftTestTests;
			productReference = 339D145519DABBB10029BC33 /* GGSwiftTestTests.xctest */;
			productType = "com.apple.product-type.bundle.unit-test";
		};
/* End PBXNativeTarget section */

/* Begin PBXProject section */
		339D143819DABBB10029BC33 /* Project object */ = {
			isa = PBXProject;
			attributes = {
				LastUpgradeCheck = 0600;
				ORGANIZATIONNAME = __GG4aCrossover__;
				TargetAttributes = {
					339D143F19DABBB10029BC33 = {
						CreatedOnToolsVersion = 6.0;
					};
					339D145419DABBB10029BC33 = {
						CreatedOnToolsVersion = 6.0;
						TestTargetID = 339D143F19DABBB10029BC33;
					};
				};
			};
			buildConfigurationList = 339D143B19DABBB10029BC33 /* Build configuration list for PBXProject "GGSwiftTest" */;
			compatibilityVersion = "Xcode 3.2";
			developmentRegion = English;
			hasScannedForEncodings = 0;
			knownRegions = (
				en,
				Base,
			);
			mainGroup = 339D143719DABBB10029BC33;
			productRefGroup = 339D144119DABBB10029BC33 /* Products */;
			projectDirPath = "";
			projectRoot = "";
			targets = (
				339D143F19DABBB10029BC33 /* GGSwiftTest */,
				339D145419DABBB10029BC33 /* GGSwiftTestTests */,
			);
		};
/* End PBXProject section */

/* Begin PBXResourcesBuildPhase section */
		339D143E19DABBB10029BC33 /* Resources */ = {
			isa = PBXResourcesBuildPhase;
			buildActionMask = 2147483647;
			files = (
				339D144B19DABBB10029BC33 /* Main.storyboard in Resources */,
				339D145019DABBB10029BC33 /* LaunchScreen.xib in Resources */,
				339D144D19DABBB10029BC33 /* Images.xcassets in Resources */,
			);
			runOnlyForDeploymentPostprocessing = 0;
		};
		339D145319DABBB10029BC33 /* Resources */ = {
			isa = PBXResourcesBuildPhase;
			buildActionMask = 2147483647;
			files = (
			);
			runOnlyForDeploymentPostprocessing = 0;
		};
/* End PBXResourcesBuildPhase section */

/* Begin PBXSourcesBuildPhase section */
		339D143C19DABBB10029BC33 /* Sources */ = {
			isa = PBXSourcesBuildPhase;
			buildActionMask = 2147483647;
			files = (
				339D144819DABBB10029BC33 /* ViewController.swift in Sources */,
				339D144619DABBB10029BC33 /* AppDelegate.swift in Sources */,
			);
			runOnlyForDeploymentPostprocessing = 0;
		};
		339D145119DABBB10029BC33 /* Sources */ = {
			isa = PBXSourcesBuildPhase;
			buildActionMask = 2147483647;
			files = (
				339D145C19DABBB10029BC33 /* GGSwiftTestTests.swift in Sources */,
			);
			runOnlyForDeploymentPostprocessing = 0;
		};
/* End PBXSourcesBuildPhase section */

/* Begin PBXTargetDependency section */
		339D145719DABBB10029BC33 /* PBXTargetDependency */ = {
			isa = PBXTargetDependency;
			target = 339D143F19DABBB10029BC33 /* GGSwiftTest */;
			targetProxy = 339D145619DABBB10029BC33 /* PBXContainerItemProxy */;
		};
/* End PBXTargetDependency section */

/* Begin PBXVariantGroup section */
		339D144919DABBB10029BC33 /* Main.storyboard */ = {
			isa = PBXVariantGroup;
			children = (
				339D144A19DABBB10029BC33 /* Base */,
			);
			name = Main.storyboard;
			sourceTree = "<group>";
		};
		339D144E19DABBB10029BC33 /* LaunchScreen.xib */ = {
			isa = PBXVariantGroup;
			children = (
				339D144F19DABBB10029BC33 /* Base */,
			);
			name = LaunchScreen.xib;
			sourceTree = "<group>";
		};
/* End PBXVariantGroup section */

/* Begin XCBuildConfiguration section */
		339D145D19DABBB10029BC33 /* Debug */ = {
			isa = XCBuildConfiguration;
			buildSettings = {
				ALWAYS_SEARCH_USER_PATHS = NO;
				CLANG_CXX_LANGUAGE_STANDARD = "gnu++0x";
				CLANG_CXX_LIBRARY = "libc++";
				CLANG_ENABLE_MODULES = YES;
				CLANG_ENABLE_OBJC_ARC = YES;
				CLANG_WARN_BOOL_CONVERSION = YES;
				CLANG_WARN_CONSTANT_CONVERSION = YES;
				CLANG_WARN_DIRECT_OBJC_ISA_USAGE = YES_ERROR;
				CLANG_WARN_EMPTY_BODY = YES;
				CLANG_WARN_ENUM_CONVERSION = YES;
				CLANG_WARN_INT_CONVERSION = YES;
				CLANG_WARN_OBJC_ROOT_CLASS = YES_ERROR;
				CLANG_WARN_UNREACHABLE_CODE = YES;
				CLANG_WARN__DUPLICATE_METHOD_MATCH = YES;
				"CODE_SIGN_IDENTITY[sdk=iphoneos*]" = "iPhone Developer";
				COPY_PHASE_STRIP = NO;
				ENABLE_STRICT_OBJC_MSGSEND = YES;
				GCC_C_LANGUAGE_STANDARD = gnu99;
				GCC_DYNAMIC_NO_PIC = NO;
				GCC_OPTIMIZATION_LEVEL = 0;
				GCC_PREPROCESSOR_DEFINITIONS = (
					"DEBUG=1",
					"$(inherited)",
				);
				GCC_SYMBOLS_PRIVATE_EXTERN = NO;
				GCC_WARN_64_TO_32_BIT_CONVERSION = YES;
				GCC_WARN_ABOUT_RETURN_TYPE = YES_ERROR;
				GCC_WARN_UNDECLARED_SELECTOR = YES;
				GCC_WARN_UNINITIALIZED_AUTOS = YES_AGGRESSIVE;
				GCC_WARN_UNUSED_FUNCTION = YES;
				GCC_WARN_UNUSED_VARIABLE = YES;
				IPHONEOS_DEPLOYMENT_TARGET = 8.0;
				MTL_ENABLE_DEBUG_INFO = YES;
				ONLY_ACTIVE_ARCH = YES;
				SDKROOT = iphoneos;
				SWIFT_OPTIMIZATION_LEVEL = "-Onone";
			};
			name = Debug;
		};
		339D145E19DABBB10029BC33 /* Release */ = {
			isa = XCBuildConfiguration;
			buildSettings = {
				ALWAYS_SEARCH_USER_PATHS = NO;
				CLANG_CXX_LANGUAGE_STANDARD = "gnu++0x";
				CLANG_CXX_LIBRARY = "libc++";
				CLANG_ENABLE_MODULES = YES;
				CLANG_ENABLE_OBJC_ARC = YES;
				CLANG_WARN_BOOL_CONVERSION = YES;
				CLANG_WARN_CONSTANT_CONVERSION = YES;
				CLANG_WARN_DIRECT_OBJC_ISA_USAGE = YES_ERROR;
				CLANG_WARN_EMPTY_BODY = YES;
				CLANG_WARN_ENUM_CONVERSION = YES;
				CLANG_WARN_INT_CONVERSION = YES;
				CLANG_WARN_OBJC_ROOT_CLASS = YES_ERROR;
				CLANG_WARN_UNREACHABLE_CODE = YES;
				CLANG_WARN__DUPLICATE_METHOD_MATCH = YES;
				"CODE_SIGN_IDENTITY[sdk=iphoneos*]" = "iPhone Developer";
				COPY_PHASE_STRIP = YES;
				ENABLE_NS_ASSERTIONS = NO;
				ENABLE_STRICT_OBJC_MSGSEND = YES;
				GCC_C_LANGUAGE_STANDARD = gnu99;
				GCC_WARN_64_TO_32_BIT_CONVERSION = YES;
				GCC_WARN_ABOUT_RETURN_TYPE = YES_ERROR;
				GCC_WARN_UNDECLARED_SELECTOR = YES;
				GCC_WARN_UNINITIALIZED_AUTOS = YES_AGGRESSIVE;
				GCC_WARN_UNUSED_FUNCTION = YES;
				GCC_WARN_UNUSED_VARIABLE = YES;
				IPHONEOS_DEPLOYMENT_TARGET = 8.0;
				MTL_ENABLE_DEBUG_INFO = NO;
				SDKROOT = iphoneos;
				VALIDATE_PRODUCT = YES;
			};
			name = Release;
		};
		339D146019DABBB10029BC33 /* Debug */ = {
			isa = XCBuildConfiguration;
			buildSettings = {
				ASSETCATALOG_COMPILER_APPICON_NAME = AppIcon;
				INFOPLIST_FILE = GGSwiftTest/Info.plist;
				LD_RUNPATH_SEARCH_PATHS = "$(inherited) @executable_path/Frameworks";
				PRODUCT_NAME = "$(TARGET_NAME)";
			};
			name = Debug;
		};
		339D146119DABBB10029BC33 /* Release */ = {
			isa = XCBuildConfiguration;
			buildSettings = {
				ASSETCATALOG_COMPILER_APPICON_NAME = AppIcon;
				INFOPLIST_FILE = GGSwiftTest/Info.plist;
				LD_RUNPATH_SEARCH_PATHS = "$(inherited) @executable_path/Frameworks";
				PRODUCT_NAME = "$(TARGET_NAME)";
			};
			name = Release;
		};
		339D146319DABBB10029BC33 /* Debug */ = {
			isa = XCBuildConfiguration;
			buildSettings = {
				BUNDLE_LOADER = "$(TEST_HOST)";
				FRAMEWORK_SEARCH_PATHS = (
					"$(SDKROOT)/Developer/Library/Frameworks",
					"$(inherited)",
				);
				GCC_PREPROCESSOR_DEFINITIONS = (
					"DEBUG=1",
					"$(inherited)",
				);
				INFOPLIST_FILE = GGSwiftTestTests/Info.plist;
				LD_RUNPATH_SEARCH_PATHS = "$(inherited) @executable_path/Frameworks @loader_path/Frameworks";
				PRODUCT_NAME = "$(TARGET_NAME)";
				TEST_HOST = "$(BUILT_PRODUCTS_DIR)/GGSwiftTest.app/GGSwiftTest";
			};
			name = Debug;
		};
		339D146419DABBB10029BC33 /* Release */ = {
			isa = XCBuildConfiguration;
			buildSettings = {
				BUNDLE_LOADER = "$(TEST_HOST)";
				FRAMEWORK_SEARCH_PATHS = (
					"$(SDKROOT)/Developer/Library/Frameworks",
					"$(inherited)",
				);
				INFOPLIST_FILE = GGSwiftTestTests/Info.plist;
				LD_RUNPATH_SEARCH_PATHS = "$(inherited) @executable_path/Frameworks @loader_path/Frameworks";
				PRODUCT_NAME = "$(TARGET_NAME)";
				TEST_HOST = "$(BUILT_PRODUCTS_DIR)/GGSwiftTest.app/GGSwiftTest";
			};
			name = Release;
		};
/* End XCBuildConfiguration section */

/* Begin XCConfigurationList section */
		339D143B19DABBB10029BC33 /* Build configuration list for PBXProject "GGSwiftTest" */ = {
			isa = XCConfigurationList;
			buildConfigurations = (
				339D145D19DABBB10029BC33 /* Debug */,
				339D145E19DABBB10029BC33 /* Release */,
			);
			defaultConfigurationIsVisible = 0;
			defaultConfigurationName = Release;
		};
		339D145F19DABBB10029BC33 /* Build configuration list for PBXNativeTarget "GGSwiftTest" */ = {
			isa = XCConfigurationList;
			buildConfigurations = (
				339D146019DABBB10029BC33 /* Debug */,
				339D146119DABBB10029BC33 /* Release */,
			);
			defaultConfigurationIsVisible = 0;
		};
		339D146219DABBB10029BC33 /* Build configuration list for PBXNativeTarget "GGSwiftTestTests" */ = {
			isa = XCConfigurationList;
			buildConfigurations = (
				339D146319DABBB10029BC33 /* Debug */,
				339D146419DABBB10029BC33 /* Release */,
			);
			defaultConfigurationIsVisible = 0;
		};
/* End XCConfigurationList section */
	};
	rootObject = 339D143819DABBB10029BC33 /* Project object */;
}
